github.com/opencontainers/distribution-spec/specs-go v0.0.0-20220620172159-4ab4752c3b86 h1:Oumw+lPnO8qNLTY2mrqPJZMoGExLi/0h/DdikoLTXVU=
github.com/opencontainers/distribution-spec/specs-go v0.0.0-20220620172159-4ab4752c3b86/go.mod h1:aA4vdXRS8E1TG7pLZOz85InHi3BiPdErh8IpJN6E0x4=
github.com/opencontainers/go-digest v1.0.0 h1:apOUWs51W5PlhuyGyz9FCeeBIOUDA/6nW8Oi/yOhh5U=
github.com/opencontainers/go-digest v1.0.0/go.mod h1:0JzlMkj0TRzQZfJkVvzbP0HBR3IKzErnv2BNG4W4MAM=
github.com/opencontainers/image-spec v1.0.3-0.20220915173658-a7ac485f4c80 h1:4r7VhO7fgr2+uiuYjVip7TqKsJPVDTLmxxSNS9APJfU=
github.com/opencontainers/image-spec v1.0.3-0.20220915173658-a7ac485f4c80/go.mod h1:3OVijpioIKYWTqjiG0zfF6wvoJ4fAXGbjdZuI2NgsRQ=
github.com/oras-project/artifacts-spec v1.0.0-rc.2 h1:9SMCNSxkJEHqWGDiMCuy6TXHgvjgwXGdXZZGXLKQvVE=
github.com/oras-project/artifacts-spec v1.0.0-rc.2/go.mod h1:Xch2aLzSwtkhbFFN6LUzTfLtukYvMMdXJ4oZ8O7BOdc=
golang.org/x/sync v0.0.0-20210220032951-036812b2e83c h1:5KslGYwFpkhGh+Q16bwMP3cOontH8FOep7tGV86Y7SQ=
golang.org/x/sync v0.0.0-20210220032951-036812b2e83c/go.mod h1:RxMgew5VJxzue5/jJTE5uejpjVlOe/izrB70Jof72aM=
